// !$*UTF8*$!
{
	archiveVersion = 1;
	classes = {
	};
	objectVersion = 77;
	objects = {

/* Begin PBXContainerItemProxy section */
		1038A1202D04D27D008836B6 /* PBXContainerItemProxy */ = {
			isa = PBXContainerItemProxy;
			containerPortal = 1038A1072D04D27C008836B6 /* Project object */;
			proxyType = 1;
			remoteGlobalIDString = 1038A10E2D04D27C008836B6;
			remoteInfo = WeatherAppSwiftUI;
		};
		1038A12A2D04D27E008836B6 /* PBXContainerItemProxy */ = {
			isa = PBXContainerItemProxy;
			containerPortal = 1038A1072D04D27C008836B6 /* Project object */;
			proxyType = 1;
			remoteGlobalIDString = 1038A10E2D04D27C008836B6;
			remoteInfo = WeatherAppSwiftUI;
		};
/* End PBXContainerItemProxy section */

/* Begin PBXFileReference section */
		1038A10F2D04D27C008836B6 /* WeatherAppSwiftUI.app */ = {isa = PBXFileReference; explicitFileType = wrapper.application; includeInIndex = 0; path = WeatherAppSwiftUI.app; sourceTree = BUILT_PRODUCTS_DIR; };
		1038A11F2D04D27D008836B6 /* WeatherAppSwiftUITests.xctest */ = {isa = PBXFileReference; explicitFileType = wrapper.cfbundle; includeInIndex = 0; path = WeatherAppSwiftUITests.xctest; sourceTree = BUILT_PRODUCTS_DIR; };
		1038A1292D04D27E008836B6 /* WeatherAppSwiftUIUITests.xctest */ = {isa = PBXFileReference; explicitFileType = wrapper.cfbundle; includeInIndex = 0; path = WeatherAppSwiftUIUITests.xctest; sourceTree = BUILT_PRODUCTS_DIR; };
/* End PBXFileReference section */

/* Begin PBXFileSystemSynchronizedRootGroup section */
		1038A1112D04D27C008836B6 /* WeatherAppSwiftUI */ = {
			isa = PBXFileSystemSynchronizedRootGroup;
			path = WeatherAppSwiftUI;
			sourceTree = "<group>";
		};
		1038A1222D04D27D008836B6 /* WeatherAppSwiftUITests */ = {
			isa = PBXFileSystemSynchronizedRootGroup;
			path = WeatherAppSwiftUITests;
			sourceTree = "<group>";
		};
		1038A12C2D04D27E008836B6 /* WeatherAppSwiftUIUITests */ = {
			isa = PBXFileSystemSynchronizedRootGroup;
			path = WeatherAppSwiftUIUITests;
			sourceTree = "<group>";
		};
/* End PBXFileSystemSynchronizedRootGroup section */

/* Begin PBXFrameworksBuildPhase section */
		1038A10C2D04D27C008836B6 /* Frameworks */ = {
			isa = PBXFrameworksBuildPhase;
			buildActionMask = 2147483647;
			files = (
			);
			runOnlyForDeploymentPostprocessing = 0;
		};
		1038A11C2D04D27D008836B6 /* Frameworks */ = {
			isa = PBXFrameworksBuildPhase;
			buildActionMask = 2147483647;
			files = (
			);
			runOnlyForDeploymentPostprocessing = 0;
		};
		1038A1262D04D27E008836B6 /* Frameworks */ = {
			isa = PBXFrameworksBuildPhase;
			buildActionMask = 2147483647;
			files = (
			);
			runOnlyForDeploymentPostprocessing = 0;
		};
/* End PBXFrameworksBuildPhase section */

/* Begin PBXGroup section */
		1038A1062D04D27C008836B6 = {
			isa = PBXGroup;
			children = (
				1038A1112D04D27C008836B6 /* WeatherAppSwiftUI */,
				1038A1222D04D27D008836B6 /* WeatherAppSwiftUITests */,
				1038A12C2D04D27E008836B6 /* WeatherAppSwiftUIUITests */,
				1038A1102D04D27C008836B6 /* Products */,
			);
			sourceTree = "<group>";
		};
		1038A1102D04D27C008836B6 /* Products */ = {
			isa = PBXGroup;
			children = (
				1038A10F2D04D27C008836B6 /* WeatherAppSwiftUI.app */,
				1038A11F2D04D27D008836B6 /* WeatherAppSwiftUITests.xctest */,
				1038A1292D04D27E008836B6 /* WeatherAppSwiftUIUITests.xctest */,
			);
			name = Products;
			sourceTree = "<group>";
		};
/* End PBXGroup section */

/* Begin PBXNativeTarget section */
		1038A10E2D04D27C008836B6 /* WeatherAppSwiftUI */ = {
			isa = PBXNativeTarget;
			buildConfigurationList = 1038A1332D04D27E008836B6 /* Build configuration list for PBXNativeTarget "WeatherAppSwiftUI" */;
			buildPhases = (
				1038A10B2D04D27C008836B6 /* Sources */,
				1038A10C2D04D27C008836B6 /* Frameworks */,
				1038A10D2D04D27C008836B6 /* Resources */,
			);
			buildRules = (
			);
			dependencies = (
			);
			fileSystemSynchronizedGroups = (
				1038A1112D04D27C008836B6 /* WeatherAppSwiftUI */,
			);
			name = WeatherAppSwiftUI;
			packageProductDependencies = (
			);
			productName = WeatherAppSwiftUI;
			productReference = 1038A10F2D04D27C008836B6 /* WeatherAppSwiftUI.app */;
			productType = "com.apple.product-type.application";
		};
		1038A11E2D04D27D008836B6 /* WeatherAppSwiftUITests */ = {
			isa = PBXNativeTarget;
			buildConfigurationList = 1038A1362D04D27E008836B6 /* Build configuration list for PBXNativeTarget "WeatherAppSwiftUITests" */;
			buildPhases = (
				1038A11B2D04D27D008836B6 /* Sources */,
				1038A11C2D04D27D008836B6 /* Frameworks */,
				1038A11D2D04D27D008836B6 /* Resources */,
			);
			buildRules = (
			);
			dependencies = (
				1038A1212D04D27D008836B6 /* PBXTargetDependency */,
			);
			fileSystemSynchronizedGroups = (
				1038A1222D04D27D008836B6 /* WeatherAppSwiftUITests */,
			);
			name = WeatherAppSwiftUITests;
			packageProductDependencies = (
			);
			productName = WeatherAppSwiftUITests;
			productReference = 1038A11F2D04D27D008836B6 /* WeatherAppSwiftUITests.xctest */;
			productType = "com.apple.product-type.bundle.unit-test";
		};
		1038A1282D04D27E008836B6 /* WeatherAppSwiftUIUITests */ = {
			isa = PBXNativeTarget;
			buildConfigurationList = 1038A1392D04D27E008836B6 /* Build configuration list for PBXNativeTarget "WeatherAppSwiftUIUITests" */;
			buildPhases = (
				1038A1252D04D27E008836B6 /* Sources */,
				1038A1262D04D27E008836B6 /* Frameworks */,
				1038A1272D04D27E008836B6 /* Resources */,
			);
			buildRules = (
			);
			dependencies = (
				1038A12B2D04D27E008836B6 /* PBXTargetDependency */,
			);
			fileSystemSynchronizedGroups = (
				1038A12C2D04D27E008836B6 /* WeatherAppSwiftUIUITests */,
			);
			name = WeatherAppSwiftUIUITests;
			packageProductDependencies = (
			);
			productName = WeatherAppSwiftUIUITests;
			productReference = 1038A1292D04D27E008836B6 /* WeatherAppSwiftUIUITests.xctest */;
			productType = "com.apple.product-type.bundle.ui-testing";
		};
/* End PBXNativeTarget section */

/* Begin PBXProject section */
		1038A1072D04D27C008836B6 /* Project object */ = {
			isa = PBXProject;
			attributes = {
				BuildIndependentTargetsInParallel = 1;
				LastSwiftUpdateCheck = 1610;
				LastUpgradeCheck = 1610;
				TargetAttributes = {
					1038A10E2D04D27C008836B6 = {
						CreatedOnToolsVersion = 16.1;
					};
					1038A11E2D04D27D008836B6 = {
						CreatedOnToolsVersion = 16.1;
						TestTargetID = 1038A10E2D04D27C008836B6;
					};
					1038A1282D04D27E008836B6 = {
						CreatedOnToolsVersion = 16.1;
						TestTargetID = 1038A10E2D04D27C008836B6;
					};
				};
			};
			buildConfigurationList = 1038A10A2D04D27C008836B6 /* Build configuration list for PBXProject "WeatherAppSwiftUI" */;
			developmentRegion = en;
			hasScannedForEncodings = 0;
			knownRegions = (
				en,
				Base,
			);
			mainGroup = 1038A1062D04D27C008836B6;
			minimizedProjectReferenceProxies = 1;
			preferredProjectObjectVersion = 77;
			productRefGroup = 1038A1102D04D27C008836B6 /* Products */;
			projectDirPath = "";
			projectRoot = "";
			targets = (
				1038A10E2D04D27C008836B6 /* WeatherAppSwiftUI */,
				1038A11E2D04D27D008836B6 /* WeatherAppSwiftUITests */,
				1038A1282D04D27E008836B6 /* WeatherAppSwiftUIUITests */,
			);
		};
/* End PBXProject section */

/* Begin PBXResourcesBuildPhase section */
		1038A10D2D04D27C008836B6 /* Resources */ = {
			isa = PBXResourcesBuildPhase;
			buildActionMask = 2147483647;
			files = (
			);
			runOnlyForDeploymentPostprocessing = 0;
		};
		1038A11D2D04D27D008836B6 /* Resources */ = {
			isa = PBXResourcesBuildPhase;
			buildActionMask = 2147483647;
			files = (
			);
			runOnlyForDeploymentPostprocessing = 0;
		};
		1038A1272D04D27E008836B6 /* Resources */ = {
			isa = PBXResourcesBuildPhase;
			buildActionMask = 2147483647;
			files = (
			);
			runOnlyForDeploymentPostprocessing = 0;
		};
/* End PBXResourcesBuildPhase section */

/* Begin PBXSourcesBuildPhase section */
		1038A10B2D04D27C008836B6 /* Sources */ = {
			isa = PBXSourcesBuildPhase;
			buildActionMask = 2147483647;
			files = (
			);
			runOnlyForDeploymentPostprocessing = 0;
		};
		1038A11B2D04D27D008836B6 /* Sources */ = {
			isa = PBXSourcesBuildPhase;
			buildActionMask = 2147483647;
			files = (
			);
			runOnlyForDeploymentPostprocessing = 0;
		};
		1038A1252D04D27E008836B6 /* Sources */ = {
			isa = PBXSourcesBuildPhase;
			buildActionMask = 2147483647;
			files = (
			);
			runOnlyForDeploymentPostprocessing = 0;
		};
/* End PBXSourcesBuildPhase section */

/* Begin PBXTargetDependency section */
		1038A1212D04D27D008836B6 /* PBXTargetDependency */ = {
			isa = PBXTargetDependency;
			target = 1038A10E2D04D27C008836B6 /* WeatherAppSwiftUI */;
			targetProxy = 1038A1202D04D27D008836B6 /* PBXContainerItemProxy */;
		};
		1038A12B2D04D27E008836B6 /* PBXTargetDependency */ = {
			isa = PBXTargetDependency;
			target = 1038A10E2D04D27C008836B6 /* WeatherAppSwiftUI */;
			targetProxy = 1038A12A2D04D27E008836B6 /* PBXContainerItemProxy */;
		};
/* End PBXTargetDependency section */

/* Begin XCBuildConfiguration section */
		1038A1312D04D27E008836B6 /* Debug */ = {
			isa = XCBuildConfiguration;
			buildSettings = {
				ALWAYS_SEARCH_USER_PATHS = NO;
				ASSETCATALOG_COMPILER_GENERATE_SWIFT_ASSET_SYMBOL_EXTENSIONS = YES;
				CLANG_ANALYZER_NONNULL = YES;
				CLANG_ANALYZER_NUMBER_OBJECT_CONVERSION = YES_AGGRESSIVE;
				CLANG_CXX_LANGUAGE_STANDARD = "gnu++20";
				CLANG_ENABLE_MODULES = YES;
				CLANG_ENABLE_OBJC_ARC = YES;
				CLANG_ENABLE_OBJC_WEAK = YES;
				CLANG_WARN_BLOCK_CAPTURE_AUTORELEASING = YES;
				CLANG_WARN_BOOL_CONVERSION = YES;
				CLANG_WARN_COMMA = YES;
				CLANG_WARN_CONSTANT_CONVERSION = YES;
				CLANG_WARN_DEPRECATED_OBJC_IMPLEMENTATIONS = YES;
				CLANG_WARN_DIRECT_OBJC_ISA_USAGE = YES_ERROR;
				CLANG_WARN_DOCUMENTATION_COMMENTS = YES;
				CLANG_WARN_EMPTY_BODY = YES;
				CLANG_WARN_ENUM_CONVERSION = YES;
				CLANG_WARN_INFINITE_RECURSION = YES;
				CLANG_WARN_INT_CONVERSION = YES;
				CLANG_WARN_NON_LITERAL_NULL_CONVERSION = YES;
				CLANG_WARN_OBJC_IMPLICIT_RETAIN_SELF = YES;
				CLANG_WARN_OBJC_LITERAL_CONVERSION = YES;
				CLANG_WARN_OBJC_ROOT_CLASS = YES_ERROR;
				CLANG_WARN_QUOTED_INCLUDE_IN_FRAMEWORK_HEADER = YES;
				CLANG_WARN_RANGE_LOOP_ANALYSIS = YES;
				CLANG_WARN_STRICT_PROTOTYPES = YES;
				CLANG_WARN_SUSPICIOUS_MOVE = YES;
				CLANG_WARN_UNGUARDED_AVAILABILITY = YES_AGGRESSIVE;
				CLANG_WARN_UNREACHABLE_CODE = YES;
				CLANG_WARN__DUPLICATE_METHOD_MATCH = YES;
				COPY_PHASE_STRIP = NO;
				DEBUG_INFORMATION_FORMAT = dwarf;
				ENABLE_STRICT_OBJC_MSGSEND = YES;
				ENABLE_TESTABILITY = YES;
				ENABLE_USER_SCRIPT_SANDBOXING = YES;
				GCC_C_LANGUAGE_STANDARD = gnu17;
				GCC_DYNAMIC_NO_PIC = NO;
				GCC_NO_COMMON_BLOCKS = YES;
				GCC_OPTIMIZATION_LEVEL = 0;
				GCC_PREPROCESSOR_DEFINITIONS = (
					"DEBUG=1",
					"$(inherited)",
				);
				GCC_WARN_64_TO_32_BIT_CONVERSION = YES;
				GCC_WARN_ABOUT_RETURN_TYPE = YES_ERROR;
				GCC_WARN_UNDECLARED_SELECTOR = YES;
				GCC_WARN_UNINITIALIZED_AUTOS = YES_AGGRESSIVE;
				GCC_WARN_UNUSED_FUNCTION = YES;
				GCC_WARN_UNUSED_VARIABLE = YES;
				IPHONEOS_DEPLOYMENT_TARGET = 18.1;
				LOCALIZATION_PREFERS_STRING_CATALOGS = YES;
				MTL_ENABLE_DEBUG_INFO = INCLUDE_SOURCE;
				MTL_FAST_MATH = YES;
				ONLY_ACTIVE_ARCH = YES;
				SDKROOT = iphoneos;
				SWIFT_ACTIVE_COMPILATION_CONDITIONS = "DEBUG $(inherited)";
				SWIFT_OPTIMIZATION_LEVEL = "-Onone";
			};
			name = Debug;
		};
		1038A1322D04D27E008836B6 /* Release */ = {
			isa = XCBuildConfiguration;
			buildSettings = {
				ALWAYS_SEARCH_USER_PATHS = NO;
				ASSETCATALOG_COMPILER_GENERATE_SWIFT_ASSET_SYMBOL_EXTENSIONS = YES;
				CLANG_ANALYZER_NONNULL = YES;
				CLANG_ANALYZER_NUMBER_OBJECT_CONVERSION = YES_AGGRESSIVE;
				CLANG_CXX_LANGUAGE_STANDARD = "gnu++20";
				CLANG_ENABLE_MODULES = YES;
				CLANG_ENABLE_OBJC_ARC = YES;
				CLANG_ENABLE_OBJC_WEAK = YES;
				CLANG_WARN_BLOCK_CAPTURE_AUTORELEASING = YES;
				CLANG_WARN_BOOL_CONVERSION = YES;
				CLANG_WARN_COMMA = YES;
				CLANG_WARN_CONSTANT_CONVERSION = YES;
				CLANG_WARN_DEPRECATED_OBJC_IMPLEMENTATIONS = YES;
				CLANG_WARN_DIRECT_OBJC_ISA_USAGE = YES_ERROR;
				CLANG_WARN_DOCUMENTATION_COMMENTS = YES;
				CLANG_WARN_EMPTY_BODY = YES;
				CLANG_WARN_ENUM_CONVERSION = YES;
				CLANG_WARN_INFINITE_RECURSION = YES;
				CLANG_WARN_INT_CONVERSION = YES;
				CLANG_WARN_NON_LITERAL_NULL_CONVERSION = YES;
				CLANG_WARN_OBJC_IMPLICIT_RETAIN_SELF = YES;
				CLANG_WARN_OBJC_LITERAL_CONVERSION = YES;
				CLANG_WARN_OBJC_ROOT_CLASS = YES_ERROR;
				CLANG_WARN_QUOTED_INCLUDE_IN_FRAMEWORK_HEADER = YES;
				CLANG_WARN_RANGE_LOOP_ANALYSIS = YES;
				CLANG_WARN_STRICT_PROTOTYPES = YES;
				CLANG_WARN_SUSPICIOUS_MOVE = YES;
				CLANG_WARN_UNGUARDED_AVAILABILITY = YES_AGGRESSIVE;
				CLANG_WARN_UNREACHABLE_CODE = YES;
				CLANG_WARN__DUPLICATE_METHOD_MATCH = YES;
				COPY_PHASE_STRIP = NO;
				DEBUG_INFORMATION_FORMAT = "dwarf-with-dsym";
				ENABLE_NS_ASSERTIONS = NO;
				ENABLE_STRICT_OBJC_MSGSEND = YES;
				ENABLE_USER_SCRIPT_SANDBOXING = YES;
				GCC_C_LANGUAGE_STANDARD = gnu17;
				GCC_NO_COMMON_BLOCKS = YES;
				GCC_WARN_64_TO_32_BIT_CONVERSION = YES;
				GCC_WARN_ABOUT_RETURN_TYPE = YES_ERROR;
				GCC_WARN_UNDECLARED_SELECTOR = YES;
				GCC_WARN_UNINITIALIZED_AUTOS = YES_AGGRESSIVE;
				GCC_WARN_UNUSED_FUNCTION = YES;
				GCC_WARN_UNUSED_VARIABLE = YES;
				IPHONEOS_DEPLOYMENT_TARGET = 18.1;
				LOCALIZATION_PREFERS_STRING_CATALOGS = YES;
				MTL_ENABLE_DEBUG_INFO = NO;
				MTL_FAST_MATH = YES;
				SDKROOT = iphoneos;
				SWIFT_COMPILATION_MODE = wholemodule;
				VALIDATE_PRODUCT = YES;
			};
			name = Release;
		};
		1038A1342D04D27E008836B6 /* Debug */ = {
			isa = XCBuildConfiguration;
			buildSettings = {
				ASSETCATALOG_COMPILER_APPICON_NAME = AppIcon;
				ASSETCATALOG_COMPILER_GLOBAL_ACCENT_COLOR_NAME = AccentColor;
				CODE_SIGN_STYLE = Automatic;
				CURRENT_PROJECT_VERSION = 1;
				DEVELOPMENT_ASSET_PATHS = "\"WeatherAppSwiftUI/Preview Content\"";
				DEVELOPMENT_TEAM = Q7899LD2FG;
				ENABLE_PREVIEWS = YES;
				GENERATE_INFOPLIST_FILE = YES;
				INFOPLIST_KEY_UIApplicationSceneManifest_Generation = YES;
				INFOPLIST_KEY_UIApplicationSupportsIndirectInputEvents = YES;
				INFOPLIST_KEY_UILaunchScreen_Generation = YES;
				INFOPLIST_KEY_UISupportedInterfaceOrientations_iPad = "UIInterfaceOrientationPortrait UIInterfaceOrientationPortraitUpsideDown UIInterfaceOrientationLandscapeLeft UIInterfaceOrientationLandscapeRight";
				INFOPLIST_KEY_UISupportedInterfaceOrientations_iPhone = "UIInterfaceOrientationPortrait UIInterfaceOrientationLandscapeLeft UIInterfaceOrientationLandscapeRight";
				LD_RUNPATH_SEARCH_PATHS = (
					"$(inherited)",
					"@executable_path/Frameworks",
				);
				MARKETING_VERSION = 1.0;
				PRODUCT_BUNDLE_IDENTIFIER = com.zackboutchyard.login.WeatherAppSwiftUI;
				PRODUCT_NAME = "$(TARGET_NAME)";
				SWIFT_EMIT_LOC_STRINGS = YES;
				SWIFT_VERSION = 5.0;
				TARGETED_DEVICE_FAMILY = "1,2";
			};
			name = Debug;
		};
		1038A1352D04D27E008836B6 /* Release */ = {
			isa = XCBuildConfiguration;
			buildSettings = {
				ASSETCATALOG_COMPILER_APPICON_NAME = AppIcon;
				ASSETCATALOG_COMPILER_GLOBAL_ACCENT_COLOR_NAME = AccentColor;
				CODE_SIGN_STYLE = Automatic;
				CURRENT_PROJECT_VERSION = 1;
				DEVELOPMENT_ASSET_PATHS = "\"WeatherAppSwiftUI/Preview Content\"";
				DEVELOPMENT_TEAM = Q7899LD2FG;
				ENABLE_PREVIEWS = YES;
				GENERATE_INFOPLIST_FILE = YES;
				INFOPLIST_KEY_UIApplicationSceneManifest_Generation = YES;
				INFOPLIST_KEY_UIApplicationSupportsIndirectInputEvents = YES;
				INFOPLIST_KEY_UILaunchScreen_Generation = YES;
				INFOPLIST_KEY_UISupportedInterfaceOrientations_iPad = "UIInterfaceOrientationPortrait UIInterfaceOrientationPortraitUpsideDown UIInterfaceOrientationLandscapeLeft UIInterfaceOrientationLandscapeRight";
				INFOPLIST_KEY_UISupportedInterfaceOrientations_iPhone = "UIInterfaceOrientationPortrait UIInterfaceOrientationLandscapeLeft UIInterfaceOrientationLandscapeRight";
				LD_RUNPATH_SEARCH_PATHS = (
					"$(inherited)",
					"@executable_path/Frameworks",
				);
				MARKETING_VERSION = 1.0;
				PRODUCT_BUNDLE_IDENTIFIER = com.zackboutchyard.login.WeatherAppSwiftUI;
				PRODUCT_NAME = "$(TARGET_NAME)";
				SWIFT_EMIT_LOC_STRINGS = YES;
				SWIFT_VERSION = 5.0;
				TARGETED_DEVICE_FAMILY = "1,2";
			};
			name = Release;
		};
		1038A1372D04D27E008836B6 /* Debug */ = {
			isa = XCBuildConfiguration;
			buildSettings = {
				BUNDLE_LOADER = "$(TEST_HOST)";
				CODE_SIGN_STYLE = Automatic;
				CURRENT_PROJECT_VERSION = 1;
				DEVELOPMENT_TEAM = Q7899LD2FG;
				GENERATE_INFOPLIST_FILE = YES;
				IPHONEOS_DEPLOYMENT_TARGET = 18.1;
				MARKETING_VERSION = 1.0;
				PRODUCT_BUNDLE_IDENTIFIER = com.zackboutchyard.login.WeatherAppSwiftUITests;
				PRODUCT_NAME = "$(TARGET_NAME)";
				SWIFT_EMIT_LOC_STRINGS = NO;
				SWIFT_VERSION = 5.0;
				TARGETED_DEVICE_FAMILY = "1,2";
				TEST_HOST = "$(BUILT_PRODUCTS_DIR)/WeatherAppSwiftUI.app/$(BUNDLE_EXECUTABLE_FOLDER_PATH)/WeatherAppSwiftUI";
			};
			name = Debug;
		};
		1038A1382D04D27E008836B6 /* Release */ = {
			isa = XCBuildConfiguration;
			buildSettings = {
				BUNDLE_LOADER = "$(TEST_HOST)";
				CODE_SIGN_STYLE = Automatic;
				CURRENT_PROJECT_VERSION = 1;
				DEVELOPMENT_TEAM = Q7899LD2FG;
				GENERATE_INFOPLIST_FILE = YES;
				IPHONEOS_DEPLOYMENT_TARGET = 18.1;
				MARKETING_VERSION = 1.0;
				PRODUCT_BUNDLE_IDENTIFIER = com.zackboutchyard.login.WeatherAppSwiftUITests;
				PRODUCT_NAME = "$(TARGET_NAME)";
				SWIFT_EMIT_LOC_STRINGS = NO;
				SWIFT_VERSION = 5.0;
				TARGETED_DEVICE_FAMILY = "1,2";
				TEST_HOST = "$(BUILT_PRODUCTS_DIR)/WeatherAppSwiftUI.app/$(BUNDLE_EXECUTABLE_FOLDER_PATH)/WeatherAppSwiftUI";
			};
			name = Release;
		};
		1038A13A2D04D27E008836B6 /* Debug */ = {
			isa = XCBuildConfiguration;
			buildSettings = {
				CODE_SIGN_STYLE = Automatic;
				CURRENT_PROJECT_VERSION = 1;
				DEVELOPMENT_TEAM = Q7899LD2FG;
				GENERATE_INFOPLIST_FILE = YES;
				MARKETING_VERSION = 1.0;
				PRODUCT_BUNDLE_IDENTIFIER = com.zackboutchyard.login.WeatherAppSwiftUIUITests;
				PRODUCT_NAME = "$(TARGET_NAME)";
				SWIFT_EMIT_LOC_STRINGS = NO;
				SWIFT_VERSION = 5.0;
				TARGETED_DEVICE_FAMILY = "1,2";
				TEST_TARGET_NAME = WeatherAppSwiftUI;
			};
			name = Debug;
		};
		1038A13B2D04D27E008836B6 /* Release */ = {
			isa = XCBuildConfiguration;
			buildSettings = {
				CODE_SIGN_STYLE = Automatic;
				CURRENT_PROJECT_VERSION = 1;
				DEVELOPMENT_TEAM = Q7899LD2FG;
				GENERATE_INFOPLIST_FILE = YES;
				MARKETING_VERSION = 1.0;
				PRODUCT_BUNDLE_IDENTIFIER = com.zackboutchyard.login.WeatherAppSwiftUIUITests;
				PRODUCT_NAME = "$(TARGET_NAME)";
				SWIFT_EMIT_LOC_STRINGS = NO;
				SWIFT_VERSION = 5.0;
				TARGETED_DEVICE_FAMILY = "1,2";
				TEST_TARGET_NAME = WeatherAppSwiftUI;
			};
			name = Release;
		};
/* End XCBuildConfiguration section */

/* Begin XCConfigurationList section */
		1038A10A2D04D27C008836B6 /* Build configuration list for PBXProject "WeatherAppSwiftUI" */ = {
			isa = XCConfigurationList;
			buildConfigurations = (
				1038A1312D04D27E008836B6 /* Debug */,
				1038A1322D04D27E008836B6 /* Release */,
			);
			defaultConfigurationIsVisible = 0;
			defaultConfigurationName = Release;
		};
		1038A1332D04D27E008836B6 /* Build configuration list for PBXNativeTarget "WeatherAppSwiftUI" */ = {
			isa = XCConfigurationList;
			buildConfigurations = (
				1038A1342D04D27E008836B6 /* Debug */,
				1038A1352D04D27E008836B6 /* Release */,
			);
			defaultConfigurationIsVisible = 0;
			defaultConfigurationName = Release;
		};
		1038A1362D04D27E008836B6 /* Build configuration list for PBXNativeTarget "WeatherAppSwiftUITests" */ = {
			isa = XCConfigurationList;
			buildConfigurations = (
				1038A1372D04D27E008836B6 /* Debug */,
				1038A1382D04D27E008836B6 /* Release */,
			);
			defaultConfigurationIsVisible = 0;
			defaultConfigurationName = Release;
		};
		1038A1392D04D27E008836B6 /* Build configuration list for PBXNativeTarget "WeatherAppSwiftUIUITests" */ = {
			isa = XCConfigurationList;
			buildConfigurations = (
				1038A13A2D04D27E008836B6 /* Debug */,
				1038A13B2D04D27E008836B6 /* Release */,
			);
			defaultConfigurationIsVisible = 0;
			defaultConfigurationName = Release;
		};
/* End XCConfigurationList section */
	};
	rootObject = 1038A1072D04D27C008836B6 /* Project object */;
}
